
Microsoft Visual Studio Solution File, Format Version 12.00
# Visual Studio Version 17
VisualStudioVersion = 17.9.34902.65
MinimumVisualStudioVersion = 10.0.40219.1
Project("{FAE04EC0-301F-11D3-BF4B-00C04F79EFBC}") = "Synergie4D-Back", "Synergie4D-Back\Synergie4D-Back.csproj", "{35285657-4429-4F47-91E7-0C2345780CBC}"
EndProject
Global
	GlobalSection(SolutionConfigurationPlatforms) = preSolution
		Debug|Any CPU = Debug|Any CPU
		Release|Any CPU = Release|Any CPU
	EndGlobalSection
	GlobalSection(ProjectConfigurationPlatforms) = postSolution
		{35285657-4429-4F47-91E7-0C2345780CBC}.Debug|Any CPU.ActiveCfg = Debug|Any CPU
		{35285657-4429-4F47-91E7-0C2345780CBC}.Debug|Any CPU.Build.0 = Debug|Any CPU
		{35285657-4429-4F47-91E7-0C2345780CBC}.Release|Any CPU.ActiveCfg = Release|Any CPU
		{35285657-4429-4F47-91E7-0C2345780CBC}.Release|Any CPU.Build.0 = Release|Any CPU
	EndGlobalSection
	GlobalSection(SolutionProperties) = preSolution
		HideSolutionNode = FALSE
	EndGlobalSection
	GlobalSection(ExtensibilityGlobals) = postSolution
		SolutionGuid = {A8E07527-2135-488D-A933-D41DFAA537A5}
	EndGlobalSection
EndGlobal
